# THIS IS AN AUTOGENERATED FILE. DO NOT EDIT THIS FILE DIRECTLY.
# yarn lockfile v1


debug@^2.2:
  version "2.6.9"
  resolved "https://registry.yarnpkg.com/debug/-/debug-2.6.9.tgz#5d128515df134ff327e90a4c93f4e077a536341f"
  integrity sha512-bC7ElrdJaJnPbAP+1EotYvqZsb3ecl5wi6Bfi6BJTUcNowp6cvspg0jXznRTKDjm/E7AdgFBVeAPVMNcKGsHMA==
  dependencies:
    ms "2.0.0"

exif@^0.6.0:
  version "0.6.0"
  resolved "https://registry.yarnpkg.com/exif/-/exif-0.6.0.tgz#60a62668076542cb7e4f57199d4ac6f37d2c5f4a"
  integrity sha512-gEwM4uanNMfLnDNKclZ7jPEA99E3rpy4ntoS6QW8u6murZjl1o8qRaPdMoC46Syg3d9/QaET0bYKhWlTwJCPgg==
  dependencies:
    debug "^2.2"

ms@2.0.0:
  version "2.0.0"
  resolved "https://registry.yarnpkg.com/ms/-/ms-2.0.0.tgz#5608aeadfc00be6c2901df5f9861788de0d597c8"
  integrity sha512-Tpp60P6IUJDTuOq/5Z8cdskzJujfwqfOTkrwIwj7IRISpnkJnT6SyJ4PCPnGMoFjC9ddhal5KVIYtAt97ix05A==
